
Microsoft Visual Studio Solution File, Format Version 12.00
# Visual Studio 2012
Project("{FAE04EC0-301F-11D3-BF4B-00C04F79EFBC}") = "TextStyleDemo.Droid", "TextStyleDemo.Droid.csproj", "{3F200488-E8CC-4D07-AE6E-7CB1F57171C4}"
EndProject
Global
	GlobalSection(SolutionConfigurationPlatforms) = preSolution
		Debug|Any CPU = Debug|Any CPU
		Release|Any CPU = Release|Any CPU
	EndGlobalSection
	GlobalSection(ProjectConfigurationPlatforms) = postSolution
		{3F200488-E8CC-4D07-AE6E-7CB1F57171C4}.Debug|Any CPU.ActiveCfg = Debug|Any CPU
		{3F200488-E8CC-4D07-AE6E-7CB1F57171C4}.Debug|Any CPU.Build.0 = Debug|Any CPU
		{3F200488-E8CC-4D07-AE6E-7CB1F57171C4}.Release|Any CPU.ActiveCfg = Release|Any CPU
		{3F200488-E8CC-4D07-AE6E-7CB1F57171C4}.Release|Any CPU.Build.0 = Release|Any CPU
	EndGlobalSection
EndGlobal
