
Microsoft Visual Studio Solution File, Format Version 12.00
# Visual Studio 2012
Project("{FAE04EC0-301F-11D3-BF4B-00C04F79EFBC}") = "TextStyleDemo.Droid", "TextStyleDemo.Droid.csproj", "{3F200488-E8CC-4D07-AE6E-7CB1F57171C4}"
EndProject
Project("{2150E333-8FDC-42A3-9474-1A3956D46DE8}") = "Source", "Source", "{01195146-6E21-4C8F-B96A-7C0DEB88E1BF}"
EndProject
Project("{FAE04EC0-301F-11D3-BF4B-00C04F79EFBC}") = "Styles.Text.Core", "..\..\src\Styles.Text.Core\Styles.Text.Core.csproj", "{71919D80-F4BD-4D8B-985D-5D0C4D79DDF3}"
EndProject
Project("{FAE04EC0-301F-11D3-BF4B-00C04F79EFBC}") = "Styles.Text.Shared", "..\..\src\Styles.Text.Shared\Styles.Text.Shared.csproj", "{50AE51CA-5F98-4643-BB5C-3910912F4C0C}"
EndProject
Project("{FAE04EC0-301F-11D3-BF4B-00C04F79EFBC}") = "Styles.Text.Android", "..\..\src\Styles.Text.Android\Styles.Text.Android.csproj", "{141E15BC-6A3A-4A7D-B33C-67C84EA1BE7F}"
EndProject
Project("{FAE04EC0-301F-11D3-BF4B-00C04F79EFBC}") = "Styles.Android", "..\..\..\StylesCore\src\Styles.Android\Styles.Android.csproj", "{FC7E2862-E5A1-4FD4-803C-9A15D9F43FB6}"
EndProject
Project("{FAE04EC0-301F-11D3-BF4B-00C04F79EFBC}") = "Styles.Shared", "..\..\..\StylesCore\src\Styles.Shared\Styles.Shared.csproj", "{F7DE4405-3FCD-497D-B1B1-BC8351C5804B}"
EndProject
Global
	GlobalSection(SolutionConfigurationPlatforms) = preSolution
		Debug|Any CPU = Debug|Any CPU
		Release|Any CPU = Release|Any CPU
	EndGlobalSection
	GlobalSection(ProjectConfigurationPlatforms) = postSolution
		{3F200488-E8CC-4D07-AE6E-7CB1F57171C4}.Debug|Any CPU.ActiveCfg = Debug|Any CPU
		{3F200488-E8CC-4D07-AE6E-7CB1F57171C4}.Debug|Any CPU.Build.0 = Debug|Any CPU
		{3F200488-E8CC-4D07-AE6E-7CB1F57171C4}.Release|Any CPU.ActiveCfg = Release|Any CPU
		{3F200488-E8CC-4D07-AE6E-7CB1F57171C4}.Release|Any CPU.Build.0 = Release|Any CPU
		{71919D80-F4BD-4D8B-985D-5D0C4D79DDF3}.Debug|Any CPU.ActiveCfg = Debug|Any CPU
		{71919D80-F4BD-4D8B-985D-5D0C4D79DDF3}.Debug|Any CPU.Build.0 = Debug|Any CPU
		{71919D80-F4BD-4D8B-985D-5D0C4D79DDF3}.Release|Any CPU.ActiveCfg = Release|Any CPU
		{71919D80-F4BD-4D8B-985D-5D0C4D79DDF3}.Release|Any CPU.Build.0 = Release|Any CPU
		{50AE51CA-5F98-4643-BB5C-3910912F4C0C}.Debug|Any CPU.ActiveCfg = Debug|Any CPU
		{50AE51CA-5F98-4643-BB5C-3910912F4C0C}.Debug|Any CPU.Build.0 = Debug|Any CPU
		{50AE51CA-5F98-4643-BB5C-3910912F4C0C}.Release|Any CPU.ActiveCfg = Release|Any CPU
		{50AE51CA-5F98-4643-BB5C-3910912F4C0C}.Release|Any CPU.Build.0 = Release|Any CPU
		{141E15BC-6A3A-4A7D-B33C-67C84EA1BE7F}.Debug|Any CPU.ActiveCfg = Debug|Any CPU
		{141E15BC-6A3A-4A7D-B33C-67C84EA1BE7F}.Debug|Any CPU.Build.0 = Debug|Any CPU
		{141E15BC-6A3A-4A7D-B33C-67C84EA1BE7F}.Release|Any CPU.ActiveCfg = Release|Any CPU
		{141E15BC-6A3A-4A7D-B33C-67C84EA1BE7F}.Release|Any CPU.Build.0 = Release|Any CPU
		{FC7E2862-E5A1-4FD4-803C-9A15D9F43FB6}.Debug|Any CPU.ActiveCfg = Debug|Any CPU
		{FC7E2862-E5A1-4FD4-803C-9A15D9F43FB6}.Debug|Any CPU.Build.0 = Debug|Any CPU
		{FC7E2862-E5A1-4FD4-803C-9A15D9F43FB6}.Release|Any CPU.ActiveCfg = Release|Any CPU
		{FC7E2862-E5A1-4FD4-803C-9A15D9F43FB6}.Release|Any CPU.Build.0 = Release|Any CPU
		{F7DE4405-3FCD-497D-B1B1-BC8351C5804B}.Debug|Any CPU.ActiveCfg = Debug|Any CPU
		{F7DE4405-3FCD-497D-B1B1-BC8351C5804B}.Debug|Any CPU.Build.0 = Debug|Any CPU
		{F7DE4405-3FCD-497D-B1B1-BC8351C5804B}.Release|Any CPU.ActiveCfg = Release|Any CPU
		{F7DE4405-3FCD-497D-B1B1-BC8351C5804B}.Release|Any CPU.Build.0 = Release|Any CPU
	EndGlobalSection
	GlobalSection(NestedProjects) = preSolution
		{71919D80-F4BD-4D8B-985D-5D0C4D79DDF3} = {01195146-6E21-4C8F-B96A-7C0DEB88E1BF}
		{50AE51CA-5F98-4643-BB5C-3910912F4C0C} = {01195146-6E21-4C8F-B96A-7C0DEB88E1BF}
		{141E15BC-6A3A-4A7D-B33C-67C84EA1BE7F} = {01195146-6E21-4C8F-B96A-7C0DEB88E1BF}
		{FC7E2862-E5A1-4FD4-803C-9A15D9F43FB6} = {01195146-6E21-4C8F-B96A-7C0DEB88E1BF}
		{F7DE4405-3FCD-497D-B1B1-BC8351C5804B} = {01195146-6E21-4C8F-B96A-7C0DEB88E1BF}
	EndGlobalSection
EndGlobal
